
Microsoft Visual Studio Solution File, Format Version 12.00
# Visual Studio Version 16
VisualStudioVersion = 16.0.32002.261
MinimumVisualStudioVersion = 10.0.40219.1
Project("{FAE04EC0-301F-11D3-BF4B-00C04F79EFBC}") = "BTL_HSK", "BTL_HSK\BTL_HSK.csproj", "{3830C8C7-5218-484F-B530-AF125C268EB9}"
EndProject
Global
	GlobalSection(SolutionConfigurationPlatforms) = preSolution
		Debug|Any CPU = Debug|Any CPU
		Release|Any CPU = Release|Any CPU
	EndGlobalSection
	GlobalSection(ProjectConfigurationPlatforms) = postSolution
		{3830C8C7-5218-484F-B530-AF125C268EB9}.Debug|Any CPU.ActiveCfg = Debug|Any CPU
		{3830C8C7-5218-484F-B530-AF125C268EB9}.Debug|Any CPU.Build.0 = Debug|Any CPU
		{3830C8C7-5218-484F-B530-AF125C268EB9}.Release|Any CPU.ActiveCfg = Release|Any CPU
		{3830C8C7-5218-484F-B530-AF125C268EB9}.Release|Any CPU.Build.0 = Release|Any CPU
	EndGlobalSection
	GlobalSection(SolutionProperties) = preSolution
		HideSolutionNode = FALSE
	EndGlobalSection
	GlobalSection(ExtensibilityGlobals) = postSolution
		SolutionGuid = {5202B430-D4C0-41A0-B539-F887F8A9154B}
	EndGlobalSection
EndGlobal
